
Microsoft Visual Studio Solution File, Format Version 12.00
# Visual Studio Version 17
VisualStudioVersion = 17.1.32210.238
MinimumVisualStudioVersion = 10.0.40219.1
Project("{FAE04EC0-301F-11D3-BF4B-00C04F79EFBC}") = "HDD.API", "HDD.API\HDD.API.csproj", "{2F6CEE6E-D476-434C-AFC9-2406DEC476FF}"
EndProject
Global
	GlobalSection(SolutionConfigurationPlatforms) = preSolution
		Debug|Any CPU = Debug|Any CPU
		Release|Any CPU = Release|Any CPU
	EndGlobalSection
	GlobalSection(ProjectConfigurationPlatforms) = postSolution
		{2F6CEE6E-D476-434C-AFC9-2406DEC476FF}.Debug|Any CPU.ActiveCfg = Debug|Any CPU
		{2F6CEE6E-D476-434C-AFC9-2406DEC476FF}.Debug|Any CPU.Build.0 = Debug|Any CPU
		{2F6CEE6E-D476-434C-AFC9-2406DEC476FF}.Release|Any CPU.ActiveCfg = Release|Any CPU
		{2F6CEE6E-D476-434C-AFC9-2406DEC476FF}.Release|Any CPU.Build.0 = Release|Any CPU
	EndGlobalSection
	GlobalSection(SolutionProperties) = preSolution
		HideSolutionNode = FALSE
	EndGlobalSection
	GlobalSection(ExtensibilityGlobals) = postSolution
		SolutionGuid = {789AF76F-9EAF-4DC5-9160-0380745EB131}
	EndGlobalSection
EndGlobal
